
Microsoft Visual Studio Solution File, Format Version 12.00
# Visual Studio 15
VisualStudioVersion = 15.0.28010.2016
MinimumVisualStudioVersion = 10.0.40219.1
Project("{9A19103F-16F7-4668-BE54-9A1E7A4F7556}") = "WebStore", "WebStore\WebStore.csproj", "{9BAF52BF-AC75-4BF1-A615-F380C5262042}"
EndProject
Project("{9A19103F-16F7-4668-BE54-9A1E7A4F7556}") = "WebStore.Domain", "WebStore.Domain\WebStore.Domain.csproj", "{A525C867-1DEA-4B16-A138-EF822B9CE225}"
EndProject
Project("{9A19103F-16F7-4668-BE54-9A1E7A4F7556}") = "WebStore.DomainNew", "WebStore.DomainNew\WebStore.DomainNew.csproj", "{28966E53-945C-422A-8F5C-1F3687166C47}"
EndProject
Project("{9A19103F-16F7-4668-BE54-9A1E7A4F7556}") = "WebStore.DAL", "WebStore.DAL\WebStore.DAL.csproj", "{54E3DECE-A933-4D31-B927-9B7814CDB281}"
EndProject
Project("{2150E333-8FDC-42A3-9474-1A3956D46DE8}") = "Common", "Common", "{4D558043-68C1-4354-A336-59F254BBEAA6}"
EndProject
Project("{2150E333-8FDC-42A3-9474-1A3956D46DE8}") = "Services", "Services", "{D1848FF5-43DA-4C59-A128-252159669BA2}"
EndProject
Project("{2150E333-8FDC-42A3-9474-1A3956D46DE8}") = "Ui", "Ui", "{FCC02205-3A53-4CFC-9DD0-6C7A8490A1E5}"
EndProject
Project("{9A19103F-16F7-4668-BE54-9A1E7A4F7556}") = "WebStore.ServicesHosting", "WebStore.ServicesHosting\WebStore.ServicesHosting.csproj", "{F34B6ED8-6CB5-406F-89BC-1292EB991440}"
EndProject
Project("{9A19103F-16F7-4668-BE54-9A1E7A4F7556}") = "WebStore.Interfaces", "WebStore.Interfaces\WebStore.Interfaces.csproj", "{D755EA0C-6D4E-43F6-BC71-B56F057F38CF}"
EndProject
Project("{9A19103F-16F7-4668-BE54-9A1E7A4F7556}") = "WebStore.Services", "WebStore.Services\WebStore.Services.csproj", "{6B41D4E5-8733-48D1-8660-9892395C49F7}"
EndProject
Project("{2150E333-8FDC-42A3-9474-1A3956D46DE8}") = "Clients", "Clients", "{0AC5BA06-41BE-434C-BB5E-13188DDFAF10}"
EndProject
Project("{9A19103F-16F7-4668-BE54-9A1E7A4F7556}") = "WebStore.Clients", "WebStore.Clients\WebStore.Clients.csproj", "{DAC60A88-316D-4DE6-B637-0EAD6CBFA382}"
EndProject
Project("{FAE04EC0-301F-11D3-BF4B-00C04F79EFBC}") = "WebStore.Logger", "WebStore.Logger\WebStore.Logger.csproj", "{0E93776E-8CB8-469B-8485-2E35DF9A0D37}"
EndProject
Global
	GlobalSection(SolutionConfigurationPlatforms) = preSolution
		Debug|Any CPU = Debug|Any CPU
		Release|Any CPU = Release|Any CPU
	EndGlobalSection
	GlobalSection(ProjectConfigurationPlatforms) = postSolution
		{9BAF52BF-AC75-4BF1-A615-F380C5262042}.Debug|Any CPU.ActiveCfg = Debug|Any CPU
		{9BAF52BF-AC75-4BF1-A615-F380C5262042}.Debug|Any CPU.Build.0 = Debug|Any CPU
		{9BAF52BF-AC75-4BF1-A615-F380C5262042}.Release|Any CPU.ActiveCfg = Release|Any CPU
		{9BAF52BF-AC75-4BF1-A615-F380C5262042}.Release|Any CPU.Build.0 = Release|Any CPU
		{A525C867-1DEA-4B16-A138-EF822B9CE225}.Debug|Any CPU.ActiveCfg = Debug|Any CPU
		{A525C867-1DEA-4B16-A138-EF822B9CE225}.Debug|Any CPU.Build.0 = Debug|Any CPU
		{A525C867-1DEA-4B16-A138-EF822B9CE225}.Release|Any CPU.ActiveCfg = Release|Any CPU
		{A525C867-1DEA-4B16-A138-EF822B9CE225}.Release|Any CPU.Build.0 = Release|Any CPU
		{28966E53-945C-422A-8F5C-1F3687166C47}.Debug|Any CPU.ActiveCfg = Debug|Any CPU
		{28966E53-945C-422A-8F5C-1F3687166C47}.Debug|Any CPU.Build.0 = Debug|Any CPU
		{28966E53-945C-422A-8F5C-1F3687166C47}.Release|Any CPU.ActiveCfg = Release|Any CPU
		{28966E53-945C-422A-8F5C-1F3687166C47}.Release|Any CPU.Build.0 = Release|Any CPU
		{54E3DECE-A933-4D31-B927-9B7814CDB281}.Debug|Any CPU.ActiveCfg = Debug|Any CPU
		{54E3DECE-A933-4D31-B927-9B7814CDB281}.Debug|Any CPU.Build.0 = Debug|Any CPU
		{54E3DECE-A933-4D31-B927-9B7814CDB281}.Release|Any CPU.ActiveCfg = Release|Any CPU
		{54E3DECE-A933-4D31-B927-9B7814CDB281}.Release|Any CPU.Build.0 = Release|Any CPU
		{F34B6ED8-6CB5-406F-89BC-1292EB991440}.Debug|Any CPU.ActiveCfg = Debug|Any CPU
		{F34B6ED8-6CB5-406F-89BC-1292EB991440}.Debug|Any CPU.Build.0 = Debug|Any CPU
		{F34B6ED8-6CB5-406F-89BC-1292EB991440}.Release|Any CPU.ActiveCfg = Release|Any CPU
		{F34B6ED8-6CB5-406F-89BC-1292EB991440}.Release|Any CPU.Build.0 = Release|Any CPU
		{D755EA0C-6D4E-43F6-BC71-B56F057F38CF}.Debug|Any CPU.ActiveCfg = Debug|Any CPU
		{D755EA0C-6D4E-43F6-BC71-B56F057F38CF}.Debug|Any CPU.Build.0 = Debug|Any CPU
		{D755EA0C-6D4E-43F6-BC71-B56F057F38CF}.Release|Any CPU.ActiveCfg = Release|Any CPU
		{D755EA0C-6D4E-43F6-BC71-B56F057F38CF}.Release|Any CPU.Build.0 = Release|Any CPU
		{6B41D4E5-8733-48D1-8660-9892395C49F7}.Debug|Any CPU.ActiveCfg = Debug|Any CPU
		{6B41D4E5-8733-48D1-8660-9892395C49F7}.Debug|Any CPU.Build.0 = Debug|Any CPU
		{6B41D4E5-8733-48D1-8660-9892395C49F7}.Release|Any CPU.ActiveCfg = Release|Any CPU
		{6B41D4E5-8733-48D1-8660-9892395C49F7}.Release|Any CPU.Build.0 = Release|Any CPU
		{DAC60A88-316D-4DE6-B637-0EAD6CBFA382}.Debug|Any CPU.ActiveCfg = Debug|Any CPU
		{DAC60A88-316D-4DE6-B637-0EAD6CBFA382}.Debug|Any CPU.Build.0 = Debug|Any CPU
		{DAC60A88-316D-4DE6-B637-0EAD6CBFA382}.Release|Any CPU.ActiveCfg = Release|Any CPU
		{DAC60A88-316D-4DE6-B637-0EAD6CBFA382}.Release|Any CPU.Build.0 = Release|Any CPU
		{0E93776E-8CB8-469B-8485-2E35DF9A0D37}.Debug|Any CPU.ActiveCfg = Debug|Any CPU
		{0E93776E-8CB8-469B-8485-2E35DF9A0D37}.Debug|Any CPU.Build.0 = Debug|Any CPU
		{0E93776E-8CB8-469B-8485-2E35DF9A0D37}.Release|Any CPU.ActiveCfg = Release|Any CPU
		{0E93776E-8CB8-469B-8485-2E35DF9A0D37}.Release|Any CPU.Build.0 = Release|Any CPU
	EndGlobalSection
	GlobalSection(SolutionProperties) = preSolution
		HideSolutionNode = FALSE
	EndGlobalSection
	GlobalSection(NestedProjects) = preSolution
		{9BAF52BF-AC75-4BF1-A615-F380C5262042} = {FCC02205-3A53-4CFC-9DD0-6C7A8490A1E5}
		{28966E53-945C-422A-8F5C-1F3687166C47} = {4D558043-68C1-4354-A336-59F254BBEAA6}
		{54E3DECE-A933-4D31-B927-9B7814CDB281} = {D1848FF5-43DA-4C59-A128-252159669BA2}
		{F34B6ED8-6CB5-406F-89BC-1292EB991440} = {D1848FF5-43DA-4C59-A128-252159669BA2}
		{D755EA0C-6D4E-43F6-BC71-B56F057F38CF} = {4D558043-68C1-4354-A336-59F254BBEAA6}
		{6B41D4E5-8733-48D1-8660-9892395C49F7} = {D1848FF5-43DA-4C59-A128-252159669BA2}
		{DAC60A88-316D-4DE6-B637-0EAD6CBFA382} = {0AC5BA06-41BE-434C-BB5E-13188DDFAF10}
		{0E93776E-8CB8-469B-8485-2E35DF9A0D37} = {4D558043-68C1-4354-A336-59F254BBEAA6}
	EndGlobalSection
	GlobalSection(ExtensibilityGlobals) = postSolution
		SolutionGuid = {05F0E5EA-4A48-4402-A2AE-2924E2B56EDF}
	EndGlobalSection
EndGlobal
