
Microsoft Visual Studio Solution File, Format Version 12.00
# Visual Studio 15
VisualStudioVersion = 15.0.28010.2016
MinimumVisualStudioVersion = 10.0.40219.1
Project("{FAE04EC0-301F-11D3-BF4B-00C04F79EFBC}") = "WebStore", "WebStore\WebStore.csproj", "{9BAF52BF-AC75-4BF1-A615-F380C5262042}"
EndProject
Global
	GlobalSection(SolutionConfigurationPlatforms) = preSolution
		Debug|Any CPU = Debug|Any CPU
		Release|Any CPU = Release|Any CPU
	EndGlobalSection
	GlobalSection(ProjectConfigurationPlatforms) = postSolution
		{9BAF52BF-AC75-4BF1-A615-F380C5262042}.Debug|Any CPU.ActiveCfg = Debug|Any CPU
		{9BAF52BF-AC75-4BF1-A615-F380C5262042}.Debug|Any CPU.Build.0 = Debug|Any CPU
		{9BAF52BF-AC75-4BF1-A615-F380C5262042}.Release|Any CPU.ActiveCfg = Release|Any CPU
		{9BAF52BF-AC75-4BF1-A615-F380C5262042}.Release|Any CPU.Build.0 = Release|Any CPU
	EndGlobalSection
	GlobalSection(SolutionProperties) = preSolution
		HideSolutionNode = FALSE
	EndGlobalSection
	GlobalSection(ExtensibilityGlobals) = postSolution
		SolutionGuid = {05F0E5EA-4A48-4402-A2AE-2924E2B56EDF}
	EndGlobalSection
EndGlobal
