
Microsoft Visual Studio Solution File, Format Version 12.00
# Visual Studio 15
VisualStudioVersion = 15.0.28010.2016
MinimumVisualStudioVersion = 10.0.40219.1
Project("{9A19103F-16F7-4668-BE54-9A1E7A4F7556}") = "WebStore", "WebStore\WebStore.csproj", "{9BAF52BF-AC75-4BF1-A615-F380C5262042}"
EndProject
Project("{9A19103F-16F7-4668-BE54-9A1E7A4F7556}") = "WebStore.Domain", "WebStore.Domain\WebStore.Domain.csproj", "{A525C867-1DEA-4B16-A138-EF822B9CE225}"
EndProject
Project("{FAE04EC0-301F-11D3-BF4B-00C04F79EFBC}") = "WebStore.DomainNew", "WebStore.DomainNew\WebStore.DomainNew.csproj", "{28966E53-945C-422A-8F5C-1F3687166C47}"
EndProject
Project("{FAE04EC0-301F-11D3-BF4B-00C04F79EFBC}") = "WebStore.DAL", "WebStore.DAL\WebStore.DAL.csproj", "{54E3DECE-A933-4D31-B927-9B7814CDB281}"
EndProject
Global
	GlobalSection(SolutionConfigurationPlatforms) = preSolution
		Debug|Any CPU = Debug|Any CPU
		Release|Any CPU = Release|Any CPU
	EndGlobalSection
	GlobalSection(ProjectConfigurationPlatforms) = postSolution
		{9BAF52BF-AC75-4BF1-A615-F380C5262042}.Debug|Any CPU.ActiveCfg = Debug|Any CPU
		{9BAF52BF-AC75-4BF1-A615-F380C5262042}.Debug|Any CPU.Build.0 = Debug|Any CPU
		{9BAF52BF-AC75-4BF1-A615-F380C5262042}.Release|Any CPU.ActiveCfg = Release|Any CPU
		{9BAF52BF-AC75-4BF1-A615-F380C5262042}.Release|Any CPU.Build.0 = Release|Any CPU
		{A525C867-1DEA-4B16-A138-EF822B9CE225}.Debug|Any CPU.ActiveCfg = Debug|Any CPU
		{A525C867-1DEA-4B16-A138-EF822B9CE225}.Debug|Any CPU.Build.0 = Debug|Any CPU
		{A525C867-1DEA-4B16-A138-EF822B9CE225}.Release|Any CPU.ActiveCfg = Release|Any CPU
		{A525C867-1DEA-4B16-A138-EF822B9CE225}.Release|Any CPU.Build.0 = Release|Any CPU
		{28966E53-945C-422A-8F5C-1F3687166C47}.Debug|Any CPU.ActiveCfg = Debug|Any CPU
		{28966E53-945C-422A-8F5C-1F3687166C47}.Debug|Any CPU.Build.0 = Debug|Any CPU
		{28966E53-945C-422A-8F5C-1F3687166C47}.Release|Any CPU.ActiveCfg = Release|Any CPU
		{28966E53-945C-422A-8F5C-1F3687166C47}.Release|Any CPU.Build.0 = Release|Any CPU
		{54E3DECE-A933-4D31-B927-9B7814CDB281}.Debug|Any CPU.ActiveCfg = Debug|Any CPU
		{54E3DECE-A933-4D31-B927-9B7814CDB281}.Debug|Any CPU.Build.0 = Debug|Any CPU
		{54E3DECE-A933-4D31-B927-9B7814CDB281}.Release|Any CPU.ActiveCfg = Release|Any CPU
		{54E3DECE-A933-4D31-B927-9B7814CDB281}.Release|Any CPU.Build.0 = Release|Any CPU
	EndGlobalSection
	GlobalSection(SolutionProperties) = preSolution
		HideSolutionNode = FALSE
	EndGlobalSection
	GlobalSection(ExtensibilityGlobals) = postSolution
		SolutionGuid = {05F0E5EA-4A48-4402-A2AE-2924E2B56EDF}
	EndGlobalSection
EndGlobal
